// !$*UTF8*$!
{
	archiveVersion = 1;
	classes = {
	};
	objectVersion = 46;
	objects = {

/* Begin PBXBuildFile section */
		C93C7481189235E400A7FAB8 /* Foundation.framework in Frameworks */ = {isa = PBXBuildFile; fileRef = C93C7480189235E400A7FAB8 /* Foundation.framework */; };
		C93C7483189235E400A7FAB8 /* CoreGraphics.framework in Frameworks */ = {isa = PBXBuildFile; fileRef = C93C7482189235E400A7FAB8 /* CoreGraphics.framework */; };
		C93C7485189235E400A7FAB8 /* UIKit.framework in Frameworks */ = {isa = PBXBuildFile; fileRef = C93C7484189235E400A7FAB8 /* UIKit.framework */; };
		C93C748B189235E400A7FAB8 /* InfoPlist.strings in Resources */ = {isa = PBXBuildFile; fileRef = C93C7489189235E400A7FAB8 /* InfoPlist.strings */; };
		C93C748D189235E400A7FAB8 /* main.m in Sources */ = {isa = PBXBuildFile; fileRef = C93C748C189235E400A7FAB8 /* main.m */; };
		C93C7491189235E500A7FAB8 /* STAppDelegate.m in Sources */ = {isa = PBXBuildFile; fileRef = C93C7490189235E500A7FAB8 /* STAppDelegate.m */; };
		C93C7494189235E500A7FAB8 /* Main.storyboard in Resources */ = {isa = PBXBuildFile; fileRef = C93C7492189235E500A7FAB8 /* Main.storyboard */; };
		C93C7499189235E500A7FAB8 /* Images.xcassets in Resources */ = {isa = PBXBuildFile; fileRef = C93C7498189235E500A7FAB8 /* Images.xcassets */; };
		C93C74A0189235E500A7FAB8 /* XCTest.framework in Frameworks */ = {isa = PBXBuildFile; fileRef = C93C749F189235E500A7FAB8 /* XCTest.framework */; };
		C93C74A1189235E500A7FAB8 /* Foundation.framework in Frameworks */ = {isa = PBXBuildFile; fileRef = C93C7480189235E400A7FAB8 /* Foundation.framework */; };
		C93C74A2189235E500A7FAB8 /* UIKit.framework in Frameworks */ = {isa = PBXBuildFile; fileRef = C93C7484189235E400A7FAB8 /* UIKit.framework */; };
		C93C74AA189235E500A7FAB8 /* InfoPlist.strings in Resources */ = {isa = PBXBuildFile; fileRef = C93C74A8189235E500A7FAB8 /* InfoPlist.strings */; };
		C93C74AC189235E500A7FAB8 /* ElectricianRunTests.m in Sources */ = {isa = PBXBuildFile; fileRef = C93C74AB189235E500A7FAB8 /* ElectricianRunTests.m */; };
		C93C74BA18923C1400A7FAB8 /* STIndexViewController.m in Sources */ = {isa = PBXBuildFile; fileRef = C93C74B918923C1400A7FAB8 /* STIndexViewController.m */; };
		C93C74BD18923C2A00A7FAB8 /* STMyeViewController.m in Sources */ = {isa = PBXBuildFile; fileRef = C93C74BC18923C2A00A7FAB8 /* STMyeViewController.m */; };
		C93C74C018923E3200A7FAB8 /* STStudyViewController.m in Sources */ = {isa = PBXBuildFile; fileRef = C93C74BF18923E3200A7FAB8 /* STStudyViewController.m */; };
		C93C74C418923EA900A7FAB8 /* STUserExperienceViewController.m in Sources */ = {isa = PBXBuildFile; fileRef = C93C74C318923EA900A7FAB8 /* STUserExperienceViewController.m */; };
		C93C74C718923EC700A7FAB8 /* STCalculateViewController.m in Sources */ = {isa = PBXBuildFile; fileRef = C93C74C618923EC700A7FAB8 /* STCalculateViewController.m */; };
		C93C74CA18923EE500A7FAB8 /* STScanningViewController.m in Sources */ = {isa = PBXBuildFile; fileRef = C93C74C918923EE500A7FAB8 /* STScanningViewController.m */; };
		C93C74CD18923F1100A7FAB8 /* STProjectSiteViewController.m in Sources */ = {isa = PBXBuildFile; fileRef = C93C74CC18923F1100A7FAB8 /* STProjectSiteViewController.m */; };
		C93C74D018923F3A00A7FAB8 /* STMyTransformerSubstationViewController.m in Sources */ = {isa = PBXBuildFile; fileRef = C93C74CF18923F3A00A7FAB8 /* STMyTransformerSubstationViewController.m */; };
		C93C74D318923F8400A7FAB8 /* STLoginViewController.m in Sources */ = {isa = PBXBuildFile; fileRef = C93C74D218923F8400A7FAB8 /* STLoginViewController.m */; };
		C93C74D618923FAB00A7FAB8 /* STSetupViewController.m in Sources */ = {isa = PBXBuildFile; fileRef = C93C74D518923FAB00A7FAB8 /* STSetupViewController.m */; };
		C9B2A56F18934AC8003A412E /* MBProgressHUD.m in Sources */ = {isa = PBXBuildFile; fileRef = C9B2A56418934AC8003A412E /* MBProgressHUD.m */; settings = {COMPILER_FLAGS = "-fno-objc-arc"; }; };
		C9B2A57018934AC8003A412E /* blackArrow.png in Resources */ = {isa = PBXBuildFile; fileRef = C9B2A56618934AC8003A412E /* blackArrow.png */; };
		C9B2A57118934AC8003A412E /* blackArrow@2x.png in Resources */ = {isa = PBXBuildFile; fileRef = C9B2A56718934AC8003A412E /* blackArrow@2x.png */; };
		C9B2A57218934AC8003A412E /* blueArrow.png in Resources */ = {isa = PBXBuildFile; fileRef = C9B2A56818934AC8003A412E /* blueArrow.png */; };
		C9B2A57318934AC8003A412E /* blueArrow@2x.png in Resources */ = {isa = PBXBuildFile; fileRef = C9B2A56918934AC8003A412E /* blueArrow@2x.png */; };
		C9B2A57418934AC8003A412E /* EGORefreshTableHeaderView.m in Sources */ = {isa = PBXBuildFile; fileRef = C9B2A56B18934AC8003A412E /* EGORefreshTableHeaderView.m */; settings = {COMPILER_FLAGS = "-fno-objc-arc"; }; };
		C9B2A57518934AC8003A412E /* grayArrow.png in Resources */ = {isa = PBXBuildFile; fileRef = C9B2A56C18934AC8003A412E /* grayArrow.png */; };
		C9B2A57618934AC8003A412E /* grayArrow@2x.png in Resources */ = {isa = PBXBuildFile; fileRef = C9B2A56D18934AC8003A412E /* grayArrow@2x.png */; };
		C9B2A57A18934B2B003A412E /* Reachability.m in Sources */ = {isa = PBXBuildFile; fileRef = C9B2A57918934B2B003A412E /* Reachability.m */; settings = {COMPILER_FLAGS = "-fno-objc-arc"; }; };
		C9B2A57D18934BBE003A412E /* STNewsListViewController.m in Sources */ = {isa = PBXBuildFile; fileRef = C9B2A57C18934BBE003A412E /* STNewsListViewController.m */; };
		C9B2A58018934BDA003A412E /* STNewsDetailViewController.m in Sources */ = {isa = PBXBuildFile; fileRef = C9B2A57F18934BDA003A412E /* STNewsDetailViewController.m */; };
		C9B2A58318934C97003A412E /* STDataMonitoringViewController.m in Sources */ = {isa = PBXBuildFile; fileRef = C9B2A58218934C97003A412E /* STDataMonitoringViewController.m */; };
		C9B2A58718934D9C003A412E /* STTaskAuditViewController.m in Sources */ = {isa = PBXBuildFile; fileRef = C9B2A58618934D9C003A412E /* STTaskAuditViewController.m */; };
		C9B2A58A18934E54003A412E /* STDataMonitoringLineViewController.m in Sources */ = {isa = PBXBuildFile; fileRef = C9B2A58918934E54003A412E /* STDataMonitoringLineViewController.m */; };
		C9B2A58D18934EA0003A412E /* STDataMonitoringLineDetailViewController.m in Sources */ = {isa = PBXBuildFile; fileRef = C9B2A58C18934EA0003A412E /* STDataMonitoringLineDetailViewController.m */; };
		C9B2A59018934EE9003A412E /* STDataMonitoringLineDetailListViewController.m in Sources */ = {isa = PBXBuildFile; fileRef = C9B2A58F18934EE9003A412E /* STDataMonitoringLineDetailListViewController.m */; };
		C9B2A59318934FCF003A412E /* STTaskAuditMapViewController.m in Sources */ = {isa = PBXBuildFile; fileRef = C9B2A59218934FCF003A412E /* STTaskAuditMapViewController.m */; };
		C9B2A59618935012003A412E /* STTaskAuditRecordViewController.m in Sources */ = {isa = PBXBuildFile; fileRef = C9B2A59518935012003A412E /* STTaskAuditRecordViewController.m */; };
		C9B2A5991893503E003A412E /* STTaskAuditBuildViewController.m in Sources */ = {isa = PBXBuildFile; fileRef = C9B2A5981893503E003A412E /* STTaskAuditBuildViewController.m */; };
/* End PBXBuildFile section */

/* Begin PBXContainerItemProxy section */
		C93C74A3189235E500A7FAB8 /* PBXContainerItemProxy */ = {
			isa = PBXContainerItemProxy;
			containerPortal = C93C7475189235E400A7FAB8 /* Project object */;
			proxyType = 1;
			remoteGlobalIDString = C93C747C189235E400A7FAB8;
			remoteInfo = ElectricianRun;
		};
/* End PBXContainerItemProxy section */

/* Begin PBXFileReference section */
		C93C747D189235E400A7FAB8 /* ElectricianRun.app */ = {isa = PBXFileReference; explicitFileType = wrapper.application; includeInIndex = 0; path = ElectricianRun.app; sourceTree = BUILT_PRODUCTS_DIR; };
		C93C7480189235E400A7FAB8 /* Foundation.framework */ = {isa = PBXFileReference; lastKnownFileType = wrapper.framework; name = Foundation.framework; path = System/Library/Frameworks/Foundation.framework; sourceTree = SDKROOT; };
		C93C7482189235E400A7FAB8 /* CoreGraphics.framework */ = {isa = PBXFileReference; lastKnownFileType = wrapper.framework; name = CoreGraphics.framework; path = System/Library/Frameworks/CoreGraphics.framework; sourceTree = SDKROOT; };
		C93C7484189235E400A7FAB8 /* UIKit.framework */ = {isa = PBXFileReference; lastKnownFileType = wrapper.framework; name = UIKit.framework; path = System/Library/Frameworks/UIKit.framework; sourceTree = SDKROOT; };
		C93C7488189235E400A7FAB8 /* ElectricianRun-Info.plist */ = {isa = PBXFileReference; lastKnownFileType = text.plist.xml; path = "ElectricianRun-Info.plist"; sourceTree = "<group>"; };
		C93C748A189235E400A7FAB8 /* en */ = {isa = PBXFileReference; lastKnownFileType = text.plist.strings; name = en; path = en.lproj/InfoPlist.strings; sourceTree = "<group>"; };
		C93C748C189235E400A7FAB8 /* main.m */ = {isa = PBXFileReference; lastKnownFileType = sourcecode.c.objc; path = main.m; sourceTree = "<group>"; };
		C93C748E189235E400A7FAB8 /* ElectricianRun-Prefix.pch */ = {isa = PBXFileReference; lastKnownFileType = sourcecode.c.h; path = "ElectricianRun-Prefix.pch"; sourceTree = "<group>"; };
		C93C748F189235E500A7FAB8 /* STAppDelegate.h */ = {isa = PBXFileReference; lastKnownFileType = sourcecode.c.h; path = STAppDelegate.h; sourceTree = "<group>"; };
		C93C7490189235E500A7FAB8 /* STAppDelegate.m */ = {isa = PBXFileReference; lastKnownFileType = sourcecode.c.objc; path = STAppDelegate.m; sourceTree = "<group>"; };
		C93C7493189235E500A7FAB8 /* Base */ = {isa = PBXFileReference; lastKnownFileType = file.storyboard; name = Base; path = Base.lproj/Main.storyboard; sourceTree = "<group>"; };
		C93C7498189235E500A7FAB8 /* Images.xcassets */ = {isa = PBXFileReference; lastKnownFileType = folder.assetcatalog; path = Images.xcassets; sourceTree = "<group>"; };
		C93C749E189235E500A7FAB8 /* ElectricianRunTests.xctest */ = {isa = PBXFileReference; explicitFileType = wrapper.cfbundle; includeInIndex = 0; path = ElectricianRunTests.xctest; sourceTree = BUILT_PRODUCTS_DIR; };
		C93C749F189235E500A7FAB8 /* XCTest.framework */ = {isa = PBXFileReference; lastKnownFileType = wrapper.framework; name = XCTest.framework; path = Library/Frameworks/XCTest.framework; sourceTree = DEVELOPER_DIR; };
		C93C74A7189235E500A7FAB8 /* ElectricianRunTests-Info.plist */ = {isa = PBXFileReference; lastKnownFileType = text.plist.xml; path = "ElectricianRunTests-Info.plist"; sourceTree = "<group>"; };
		C93C74A9189235E500A7FAB8 /* en */ = {isa = PBXFileReference; lastKnownFileType = text.plist.strings; name = en; path = en.lproj/InfoPlist.strings; sourceTree = "<group>"; };
		C93C74AB189235E500A7FAB8 /* ElectricianRunTests.m */ = {isa = PBXFileReference; lastKnownFileType = sourcecode.c.objc; path = ElectricianRunTests.m; sourceTree = "<group>"; };
		C93C74B818923C1400A7FAB8 /* STIndexViewController.h */ = {isa = PBXFileReference; fileEncoding = 4; lastKnownFileType = sourcecode.c.h; path = STIndexViewController.h; sourceTree = "<group>"; };
		C93C74B918923C1400A7FAB8 /* STIndexViewController.m */ = {isa = PBXFileReference; fileEncoding = 4; lastKnownFileType = sourcecode.c.objc; path = STIndexViewController.m; sourceTree = "<group>"; };
		C93C74BB18923C2A00A7FAB8 /* STMyeViewController.h */ = {isa = PBXFileReference; fileEncoding = 4; lastKnownFileType = sourcecode.c.h; path = STMyeViewController.h; sourceTree = "<group>"; };
		C93C74BC18923C2A00A7FAB8 /* STMyeViewController.m */ = {isa = PBXFileReference; fileEncoding = 4; lastKnownFileType = sourcecode.c.objc; path = STMyeViewController.m; sourceTree = "<group>"; };
		C93C74BE18923E3200A7FAB8 /* STStudyViewController.h */ = {isa = PBXFileReference; fileEncoding = 4; lastKnownFileType = sourcecode.c.h; path = STStudyViewController.h; sourceTree = "<group>"; };
		C93C74BF18923E3200A7FAB8 /* STStudyViewController.m */ = {isa = PBXFileReference; fileEncoding = 4; lastKnownFileType = sourcecode.c.objc; path = STStudyViewController.m; sourceTree = "<group>"; };
		C93C74C218923EA900A7FAB8 /* STUserExperienceViewController.h */ = {isa = PBXFileReference; fileEncoding = 4; lastKnownFileType = sourcecode.c.h; path = STUserExperienceViewController.h; sourceTree = "<group>"; };
		C93C74C318923EA900A7FAB8 /* STUserExperienceViewController.m */ = {isa = PBXFileReference; fileEncoding = 4; lastKnownFileType = sourcecode.c.objc; path = STUserExperienceViewController.m; sourceTree = "<group>"; };
		C93C74C518923EC700A7FAB8 /* STCalculateViewController.h */ = {isa = PBXFileReference; fileEncoding = 4; lastKnownFileType = sourcecode.c.h; path = STCalculateViewController.h; sourceTree = "<group>"; };
		C93C74C618923EC700A7FAB8 /* STCalculateViewController.m */ = {isa = PBXFileReference; fileEncoding = 4; lastKnownFileType = sourcecode.c.objc; path = STCalculateViewController.m; sourceTree = "<group>"; };
		C93C74C818923EE500A7FAB8 /* STScanningViewController.h */ = {isa = PBXFileReference; fileEncoding = 4; lastKnownFileType = sourcecode.c.h; path = STScanningViewController.h; sourceTree = "<group>"; };
		C93C74C918923EE500A7FAB8 /* STScanningViewController.m */ = {isa = PBXFileReference; fileEncoding = 4; lastKnownFileType = sourcecode.c.objc; path = STScanningViewController.m; sourceTree = "<group>"; };
		C93C74CB18923F1100A7FAB8 /* STProjectSiteViewController.h */ = {isa = PBXFileReference; fileEncoding = 4; lastKnownFileType = sourcecode.c.h; path = STProjectSiteViewController.h; sourceTree = "<group>"; };
		C93C74CC18923F1100A7FAB8 /* STProjectSiteViewController.m */ = {isa = PBXFileReference; fileEncoding = 4; lastKnownFileType = sourcecode.c.objc; path = STProjectSiteViewController.m; sourceTree = "<group>"; };
		C93C74CE18923F3A00A7FAB8 /* STMyTransformerSubstationViewController.h */ = {isa = PBXFileReference; fileEncoding = 4; lastKnownFileType = sourcecode.c.h; path = STMyTransformerSubstationViewController.h; sourceTree = "<group>"; };
		C93C74CF18923F3A00A7FAB8 /* STMyTransformerSubstationViewController.m */ = {isa = PBXFileReference; fileEncoding = 4; lastKnownFileType = sourcecode.c.objc; path = STMyTransformerSubstationViewController.m; sourceTree = "<group>"; };
		C93C74D118923F8400A7FAB8 /* STLoginViewController.h */ = {isa = PBXFileReference; fileEncoding = 4; lastKnownFileType = sourcecode.c.h; path = STLoginViewController.h; sourceTree = "<group>"; };
		C93C74D218923F8400A7FAB8 /* STLoginViewController.m */ = {isa = PBXFileReference; fileEncoding = 4; lastKnownFileType = sourcecode.c.objc; path = STLoginViewController.m; sourceTree = "<group>"; };
		C93C74D418923FAB00A7FAB8 /* STSetupViewController.h */ = {isa = PBXFileReference; fileEncoding = 4; lastKnownFileType = sourcecode.c.h; path = STSetupViewController.h; sourceTree = "<group>"; };
		C93C74D518923FAB00A7FAB8 /* STSetupViewController.m */ = {isa = PBXFileReference; fileEncoding = 4; lastKnownFileType = sourcecode.c.objc; path = STSetupViewController.m; sourceTree = "<group>"; };
		C9B2A56318934AC8003A412E /* MBProgressHUD.h */ = {isa = PBXFileReference; fileEncoding = 4; lastKnownFileType = sourcecode.c.h; path = MBProgressHUD.h; sourceTree = "<group>"; };
		C9B2A56418934AC8003A412E /* MBProgressHUD.m */ = {isa = PBXFileReference; fileEncoding = 4; lastKnownFileType = sourcecode.c.objc; path = MBProgressHUD.m; sourceTree = "<group>"; };
		C9B2A56618934AC8003A412E /* blackArrow.png */ = {isa = PBXFileReference; lastKnownFileType = image.png; path = blackArrow.png; sourceTree = "<group>"; };
		C9B2A56718934AC8003A412E /* blackArrow@2x.png */ = {isa = PBXFileReference; lastKnownFileType = image.png; path = "blackArrow@2x.png"; sourceTree = "<group>"; };
		C9B2A56818934AC8003A412E /* blueArrow.png */ = {isa = PBXFileReference; lastKnownFileType = image.png; path = blueArrow.png; sourceTree = "<group>"; };
		C9B2A56918934AC8003A412E /* blueArrow@2x.png */ = {isa = PBXFileReference; lastKnownFileType = image.png; path = "blueArrow@2x.png"; sourceTree = "<group>"; };
		C9B2A56A18934AC8003A412E /* EGORefreshTableHeaderView.h */ = {isa = PBXFileReference; fileEncoding = 4; lastKnownFileType = sourcecode.c.h; path = EGORefreshTableHeaderView.h; sourceTree = "<group>"; };
		C9B2A56B18934AC8003A412E /* EGORefreshTableHeaderView.m */ = {isa = PBXFileReference; fileEncoding = 4; lastKnownFileType = sourcecode.c.objc; path = EGORefreshTableHeaderView.m; sourceTree = "<group>"; };
		C9B2A56C18934AC8003A412E /* grayArrow.png */ = {isa = PBXFileReference; lastKnownFileType = image.png; path = grayArrow.png; sourceTree = "<group>"; };
		C9B2A56D18934AC8003A412E /* grayArrow@2x.png */ = {isa = PBXFileReference; lastKnownFileType = image.png; path = "grayArrow@2x.png"; sourceTree = "<group>"; };
		C9B2A57818934B2B003A412E /* Reachability.h */ = {isa = PBXFileReference; fileEncoding = 4; lastKnownFileType = sourcecode.c.h; path = Reachability.h; sourceTree = "<group>"; };
		C9B2A57918934B2B003A412E /* Reachability.m */ = {isa = PBXFileReference; fileEncoding = 4; lastKnownFileType = sourcecode.c.objc; path = Reachability.m; sourceTree = "<group>"; };
		C9B2A57B18934BBE003A412E /* STNewsListViewController.h */ = {isa = PBXFileReference; fileEncoding = 4; lastKnownFileType = sourcecode.c.h; path = STNewsListViewController.h; sourceTree = "<group>"; };
		C9B2A57C18934BBE003A412E /* STNewsListViewController.m */ = {isa = PBXFileReference; fileEncoding = 4; lastKnownFileType = sourcecode.c.objc; path = STNewsListViewController.m; sourceTree = "<group>"; };
		C9B2A57E18934BDA003A412E /* STNewsDetailViewController.h */ = {isa = PBXFileReference; fileEncoding = 4; lastKnownFileType = sourcecode.c.h; path = STNewsDetailViewController.h; sourceTree = "<group>"; };
		C9B2A57F18934BDA003A412E /* STNewsDetailViewController.m */ = {isa = PBXFileReference; fileEncoding = 4; lastKnownFileType = sourcecode.c.objc; path = STNewsDetailViewController.m; sourceTree = "<group>"; };
		C9B2A58118934C97003A412E /* STDataMonitoringViewController.h */ = {isa = PBXFileReference; fileEncoding = 4; lastKnownFileType = sourcecode.c.h; path = STDataMonitoringViewController.h; sourceTree = "<group>"; };
		C9B2A58218934C97003A412E /* STDataMonitoringViewController.m */ = {isa = PBXFileReference; fileEncoding = 4; lastKnownFileType = sourcecode.c.objc; path = STDataMonitoringViewController.m; sourceTree = "<group>"; };
		C9B2A58518934D9C003A412E /* STTaskAuditViewController.h */ = {isa = PBXFileReference; fileEncoding = 4; lastKnownFileType = sourcecode.c.h; path = STTaskAuditViewController.h; sourceTree = "<group>"; };
		C9B2A58618934D9C003A412E /* STTaskAuditViewController.m */ = {isa = PBXFileReference; fileEncoding = 4; lastKnownFileType = sourcecode.c.objc; path = STTaskAuditViewController.m; sourceTree = "<group>"; };
		C9B2A58818934E54003A412E /* STDataMonitoringLineViewController.h */ = {isa = PBXFileReference; fileEncoding = 4; lastKnownFileType = sourcecode.c.h; path = STDataMonitoringLineViewController.h; sourceTree = "<group>"; };
		C9B2A58918934E54003A412E /* STDataMonitoringLineViewController.m */ = {isa = PBXFileReference; fileEncoding = 4; lastKnownFileType = sourcecode.c.objc; path = STDataMonitoringLineViewController.m; sourceTree = "<group>"; };
		C9B2A58B18934EA0003A412E /* STDataMonitoringLineDetailViewController.h */ = {isa = PBXFileReference; fileEncoding = 4; lastKnownFileType = sourcecode.c.h; path = STDataMonitoringLineDetailViewController.h; sourceTree = "<group>"; };
		C9B2A58C18934EA0003A412E /* STDataMonitoringLineDetailViewController.m */ = {isa = PBXFileReference; fileEncoding = 4; lastKnownFileType = sourcecode.c.objc; path = STDataMonitoringLineDetailViewController.m; sourceTree = "<group>"; };
		C9B2A58E18934EE9003A412E /* STDataMonitoringLineDetailListViewController.h */ = {isa = PBXFileReference; fileEncoding = 4; lastKnownFileType = sourcecode.c.h; path = STDataMonitoringLineDetailListViewController.h; sourceTree = "<group>"; };
		C9B2A58F18934EE9003A412E /* STDataMonitoringLineDetailListViewController.m */ = {isa = PBXFileReference; fileEncoding = 4; lastKnownFileType = sourcecode.c.objc; path = STDataMonitoringLineDetailListViewController.m; sourceTree = "<group>"; };
		C9B2A59118934FCF003A412E /* STTaskAuditMapViewController.h */ = {isa = PBXFileReference; fileEncoding = 4; lastKnownFileType = sourcecode.c.h; path = STTaskAuditMapViewController.h; sourceTree = "<group>"; };
		C9B2A59218934FCF003A412E /* STTaskAuditMapViewController.m */ = {isa = PBXFileReference; fileEncoding = 4; lastKnownFileType = sourcecode.c.objc; path = STTaskAuditMapViewController.m; sourceTree = "<group>"; };
		C9B2A59418935012003A412E /* STTaskAuditRecordViewController.h */ = {isa = PBXFileReference; fileEncoding = 4; lastKnownFileType = sourcecode.c.h; path = STTaskAuditRecordViewController.h; sourceTree = "<group>"; };
		C9B2A59518935012003A412E /* STTaskAuditRecordViewController.m */ = {isa = PBXFileReference; fileEncoding = 4; lastKnownFileType = sourcecode.c.objc; path = STTaskAuditRecordViewController.m; sourceTree = "<group>"; };
		C9B2A5971893503E003A412E /* STTaskAuditBuildViewController.h */ = {isa = PBXFileReference; fileEncoding = 4; lastKnownFileType = sourcecode.c.h; path = STTaskAuditBuildViewController.h; sourceTree = "<group>"; };
		C9B2A5981893503E003A412E /* STTaskAuditBuildViewController.m */ = {isa = PBXFileReference; fileEncoding = 4; lastKnownFileType = sourcecode.c.objc; path = STTaskAuditBuildViewController.m; sourceTree = "<group>"; };
/* End PBXFileReference section */

/* Begin PBXFrameworksBuildPhase section */
		C93C747A189235E400A7FAB8 /* Frameworks */ = {
			isa = PBXFrameworksBuildPhase;
			buildActionMask = 2147483647;
			files = (
				C93C7483189235E400A7FAB8 /* CoreGraphics.framework in Frameworks */,
				C93C7485189235E400A7FAB8 /* UIKit.framework in Frameworks */,
				C93C7481189235E400A7FAB8 /* Foundation.framework in Frameworks */,
			);
			runOnlyForDeploymentPostprocessing = 0;
		};
		C93C749B189235E500A7FAB8 /* Frameworks */ = {
			isa = PBXFrameworksBuildPhase;
			buildActionMask = 2147483647;
			files = (
				C93C74A0189235E500A7FAB8 /* XCTest.framework in Frameworks */,
				C93C74A2189235E500A7FAB8 /* UIKit.framework in Frameworks */,
				C93C74A1189235E500A7FAB8 /* Foundation.framework in Frameworks */,
			);
			runOnlyForDeploymentPostprocessing = 0;
		};
/* End PBXFrameworksBuildPhase section */

/* Begin PBXGroup section */
		C93C7474189235E400A7FAB8 = {
			isa = PBXGroup;
			children = (
				C93C7486189235E400A7FAB8 /* ElectricianRun */,
				C93C74A5189235E500A7FAB8 /* ElectricianRunTests */,
				C93C747F189235E400A7FAB8 /* Frameworks */,
				C93C747E189235E400A7FAB8 /* Products */,
			);
			sourceTree = "<group>";
		};
		C93C747E189235E400A7FAB8 /* Products */ = {
			isa = PBXGroup;
			children = (
				C93C747D189235E400A7FAB8 /* ElectricianRun.app */,
				C93C749E189235E500A7FAB8 /* ElectricianRunTests.xctest */,
			);
			name = Products;
			sourceTree = "<group>";
		};
		C93C747F189235E400A7FAB8 /* Frameworks */ = {
			isa = PBXGroup;
			children = (
				C93C7480189235E400A7FAB8 /* Foundation.framework */,
				C93C7482189235E400A7FAB8 /* CoreGraphics.framework */,
				C93C7484189235E400A7FAB8 /* UIKit.framework */,
				C93C749F189235E500A7FAB8 /* XCTest.framework */,
			);
			name = Frameworks;
			sourceTree = "<group>";
		};
		C93C7486189235E400A7FAB8 /* ElectricianRun */ = {
			isa = PBXGroup;
			children = (
				C9B2A56018934AC8003A412E /* Classes */,
				C93C7498189235E500A7FAB8 /* Images.xcassets */,
				C9B2A56118934AC8003A412E /* Librarys */,
				C93C7492189235E500A7FAB8 /* Main.storyboard */,
				C9B2A56E18934AC8003A412E /* Resource */,
				C93C748F189235E500A7FAB8 /* STAppDelegate.h */,
				C93C7490189235E500A7FAB8 /* STAppDelegate.m */,
				C93C7487189235E400A7FAB8 /* Supporting Files */,
				C93C74C118923E4000A7FAB8 /* UI */,
			);
			path = ElectricianRun;
			sourceTree = "<group>";
		};
		C93C7487189235E400A7FAB8 /* Supporting Files */ = {
			isa = PBXGroup;
			children = (
				C93C7488189235E400A7FAB8 /* ElectricianRun-Info.plist */,
				C93C7489189235E400A7FAB8 /* InfoPlist.strings */,
				C93C748C189235E400A7FAB8 /* main.m */,
				C93C748E189235E400A7FAB8 /* ElectricianRun-Prefix.pch */,
			);
			name = "Supporting Files";
			sourceTree = "<group>";
		};
		C93C74A5189235E500A7FAB8 /* ElectricianRunTests */ = {
			isa = PBXGroup;
			children = (
				C93C74AB189235E500A7FAB8 /* ElectricianRunTests.m */,
				C93C74A6189235E500A7FAB8 /* Supporting Files */,
			);
			path = ElectricianRunTests;
			sourceTree = "<group>";
		};
		C93C74A6189235E500A7FAB8 /* Supporting Files */ = {
			isa = PBXGroup;
			children = (
				C93C74A7189235E500A7FAB8 /* ElectricianRunTests-Info.plist */,
				C93C74A8189235E500A7FAB8 /* InfoPlist.strings */,
			);
			name = "Supporting Files";
			sourceTree = "<group>";
		};
		C93C74C118923E4000A7FAB8 /* UI */ = {
			isa = PBXGroup;
			children = (
				C9B2A58418934C9D003A412E /* TransformerSubstation */,
				C93C74C518923EC700A7FAB8 /* STCalculateViewController.h */,
				C93C74C618923EC700A7FAB8 /* STCalculateViewController.m */,
				C93C74B818923C1400A7FAB8 /* STIndexViewController.h */,
				C93C74B918923C1400A7FAB8 /* STIndexViewController.m */,
				C93C74BB18923C2A00A7FAB8 /* STMyeViewController.h */,
				C93C74BC18923C2A00A7FAB8 /* STMyeViewController.m */,
				C93C74CB18923F1100A7FAB8 /* STProjectSiteViewController.h */,
				C93C74CC18923F1100A7FAB8 /* STProjectSiteViewController.m */,
				C93C74C818923EE500A7FAB8 /* STScanningViewController.h */,
				C93C74C918923EE500A7FAB8 /* STScanningViewController.m */,
				C93C74BE18923E3200A7FAB8 /* STStudyViewController.h */,
				C93C74BF18923E3200A7FAB8 /* STStudyViewController.m */,
				C93C74C218923EA900A7FAB8 /* STUserExperienceViewController.h */,
				C93C74C318923EA900A7FAB8 /* STUserExperienceViewController.m */,
				C93C74D118923F8400A7FAB8 /* STLoginViewController.h */,
				C93C74D218923F8400A7FAB8 /* STLoginViewController.m */,
				C93C74D418923FAB00A7FAB8 /* STSetupViewController.h */,
				C93C74D518923FAB00A7FAB8 /* STSetupViewController.m */,
				C9B2A57B18934BBE003A412E /* STNewsListViewController.h */,
				C9B2A57C18934BBE003A412E /* STNewsListViewController.m */,
				C9B2A57E18934BDA003A412E /* STNewsDetailViewController.h */,
				C9B2A57F18934BDA003A412E /* STNewsDetailViewController.m */,
			);
			name = UI;
			sourceTree = "<group>";
		};
		C9B2A56018934AC8003A412E /* Classes */ = {
			isa = PBXGroup;
			children = (
			);
			path = Classes;
			sourceTree = "<group>";
		};
		C9B2A56118934AC8003A412E /* Librarys */ = {
			isa = PBXGroup;
			children = (
				C9B2A57718934B2B003A412E /* ASIHTTP */,
				C9B2A56218934AC8003A412E /* MBProgressHUD */,
				C9B2A56518934AC8003A412E /* RefreshTableHeaderView */,
			);
			path = Librarys;
			sourceTree = "<group>";
		};
		C9B2A56218934AC8003A412E /* MBProgressHUD */ = {
			isa = PBXGroup;
			children = (
				C9B2A56318934AC8003A412E /* MBProgressHUD.h */,
				C9B2A56418934AC8003A412E /* MBProgressHUD.m */,
			);
			path = MBProgressHUD;
			sourceTree = "<group>";
		};
		C9B2A56518934AC8003A412E /* RefreshTableHeaderView */ = {
			isa = PBXGroup;
			children = (
				C9B2A56618934AC8003A412E /* blackArrow.png */,
				C9B2A56718934AC8003A412E /* blackArrow@2x.png */,
				C9B2A56818934AC8003A412E /* blueArrow.png */,
				C9B2A56918934AC8003A412E /* blueArrow@2x.png */,
				C9B2A56A18934AC8003A412E /* EGORefreshTableHeaderView.h */,
				C9B2A56B18934AC8003A412E /* EGORefreshTableHeaderView.m */,
				C9B2A56C18934AC8003A412E /* grayArrow.png */,
				C9B2A56D18934AC8003A412E /* grayArrow@2x.png */,
			);
			path = RefreshTableHeaderView;
			sourceTree = "<group>";
		};
		C9B2A56E18934AC8003A412E /* Resource */ = {
			isa = PBXGroup;
			children = (
			);
			path = Resource;
			sourceTree = "<group>";
		};
		C9B2A57718934B2B003A412E /* ASIHTTP */ = {
			isa = PBXGroup;
			children = (
				C9B2A57818934B2B003A412E /* Reachability.h */,
				C9B2A57918934B2B003A412E /* Reachability.m */,
			);
			path = ASIHTTP;
			sourceTree = "<group>";
		};
		C9B2A58418934C9D003A412E /* TransformerSubstation */ = {
			isa = PBXGroup;
			children = (
				C9B2A58E18934EE9003A412E /* STDataMonitoringLineDetailListViewController.h */,
				C9B2A58F18934EE9003A412E /* STDataMonitoringLineDetailListViewController.m */,
				C9B2A58B18934EA0003A412E /* STDataMonitoringLineDetailViewController.h */,
				C9B2A58C18934EA0003A412E /* STDataMonitoringLineDetailViewController.m */,
				C9B2A58818934E54003A412E /* STDataMonitoringLineViewController.h */,
				C9B2A58918934E54003A412E /* STDataMonitoringLineViewController.m */,
				C9B2A58118934C97003A412E /* STDataMonitoringViewController.h */,
				C9B2A58218934C97003A412E /* STDataMonitoringViewController.m */,
				C93C74CE18923F3A00A7FAB8 /* STMyTransformerSubstationViewController.h */,
				C93C74CF18923F3A00A7FAB8 /* STMyTransformerSubstationViewController.m */,
				C9B2A58518934D9C003A412E /* STTaskAuditViewController.h */,
				C9B2A58618934D9C003A412E /* STTaskAuditViewController.m */,
				C9B2A59118934FCF003A412E /* STTaskAuditMapViewController.h */,
				C9B2A59218934FCF003A412E /* STTaskAuditMapViewController.m */,
				C9B2A59418935012003A412E /* STTaskAuditRecordViewController.h */,
				C9B2A59518935012003A412E /* STTaskAuditRecordViewController.m */,
				C9B2A5971893503E003A412E /* STTaskAuditBuildViewController.h */,
				C9B2A5981893503E003A412E /* STTaskAuditBuildViewController.m */,
			);
			name = TransformerSubstation;
			sourceTree = "<group>";
		};
/* End PBXGroup section */

/* Begin PBXNativeTarget section */
		C93C747C189235E400A7FAB8 /* ElectricianRun */ = {
			isa = PBXNativeTarget;
			buildConfigurationList = C93C74AF189235E500A7FAB8 /* Build configuration list for PBXNativeTarget "ElectricianRun" */;
			buildPhases = (
				C93C7479189235E400A7FAB8 /* Sources */,
				C93C747A189235E400A7FAB8 /* Frameworks */,
				C93C747B189235E400A7FAB8 /* Resources */,
			);
			buildRules = (
			);
			dependencies = (
			);
			name = ElectricianRun;
			productName = ElectricianRun;
			productReference = C93C747D189235E400A7FAB8 /* ElectricianRun.app */;
			productType = "com.apple.product-type.application";
		};
		C93C749D189235E500A7FAB8 /* ElectricianRunTests */ = {
			isa = PBXNativeTarget;
			buildConfigurationList = C93C74B2189235E500A7FAB8 /* Build configuration list for PBXNativeTarget "ElectricianRunTests" */;
			buildPhases = (
				C93C749A189235E500A7FAB8 /* Sources */,
				C93C749B189235E500A7FAB8 /* Frameworks */,
				C93C749C189235E500A7FAB8 /* Resources */,
			);
			buildRules = (
			);
			dependencies = (
				C93C74A4189235E500A7FAB8 /* PBXTargetDependency */,
			);
			name = ElectricianRunTests;
			productName = ElectricianRunTests;
			productReference = C93C749E189235E500A7FAB8 /* ElectricianRunTests.xctest */;
			productType = "com.apple.product-type.bundle.unit-test";
		};
/* End PBXNativeTarget section */

/* Begin PBXProject section */
		C93C7475189235E400A7FAB8 /* Project object */ = {
			isa = PBXProject;
			attributes = {
				CLASSPREFIX = ST;
				LastUpgradeCheck = 0500;
				ORGANIZATIONNAME = Start;
				TargetAttributes = {
					C93C749D189235E500A7FAB8 = {
						TestTargetID = C93C747C189235E400A7FAB8;
					};
				};
			};
			buildConfigurationList = C93C7478189235E400A7FAB8 /* Build configuration list for PBXProject "ElectricianRun" */;
			compatibilityVersion = "Xcode 3.2";
			developmentRegion = English;
			hasScannedForEncodings = 0;
			knownRegions = (
				en,
				Base,
			);
			mainGroup = C93C7474189235E400A7FAB8;
			productRefGroup = C93C747E189235E400A7FAB8 /* Products */;
			projectDirPath = "";
			projectRoot = "";
			targets = (
				C93C747C189235E400A7FAB8 /* ElectricianRun */,
				C93C749D189235E500A7FAB8 /* ElectricianRunTests */,
			);
		};
/* End PBXProject section */

/* Begin PBXResourcesBuildPhase section */
		C93C747B189235E400A7FAB8 /* Resources */ = {
			isa = PBXResourcesBuildPhase;
			buildActionMask = 2147483647;
			files = (
				C93C7499189235E500A7FAB8 /* Images.xcassets in Resources */,
				C9B2A57018934AC8003A412E /* blackArrow.png in Resources */,
				C93C748B189235E400A7FAB8 /* InfoPlist.strings in Resources */,
				C9B2A57618934AC8003A412E /* grayArrow@2x.png in Resources */,
				C9B2A57318934AC8003A412E /* blueArrow@2x.png in Resources */,
				C9B2A57218934AC8003A412E /* blueArrow.png in Resources */,
				C9B2A57118934AC8003A412E /* blackArrow@2x.png in Resources */,
				C9B2A57518934AC8003A412E /* grayArrow.png in Resources */,
				C93C7494189235E500A7FAB8 /* Main.storyboard in Resources */,
			);
			runOnlyForDeploymentPostprocessing = 0;
		};
		C93C749C189235E500A7FAB8 /* Resources */ = {
			isa = PBXResourcesBuildPhase;
			buildActionMask = 2147483647;
			files = (
				C93C74AA189235E500A7FAB8 /* InfoPlist.strings in Resources */,
			);
			runOnlyForDeploymentPostprocessing = 0;
		};
/* End PBXResourcesBuildPhase section */

/* Begin PBXSourcesBuildPhase section */
		C93C7479189235E400A7FAB8 /* Sources */ = {
			isa = PBXSourcesBuildPhase;
			buildActionMask = 2147483647;
			files = (
				C9B2A58D18934EA0003A412E /* STDataMonitoringLineDetailViewController.m in Sources */,
				C9B2A59618935012003A412E /* STTaskAuditRecordViewController.m in Sources */,
				C93C74BA18923C1400A7FAB8 /* STIndexViewController.m in Sources */,
				C9B2A58018934BDA003A412E /* STNewsDetailViewController.m in Sources */,
				C93C748D189235E400A7FAB8 /* main.m in Sources */,
				C93C74C018923E3200A7FAB8 /* STStudyViewController.m in Sources */,
				C93C74C718923EC700A7FAB8 /* STCalculateViewController.m in Sources */,
				C9B2A57D18934BBE003A412E /* STNewsListViewController.m in Sources */,
				C9B2A57A18934B2B003A412E /* Reachability.m in Sources */,
				C93C74CD18923F1100A7FAB8 /* STProjectSiteViewController.m in Sources */,
				C93C74D618923FAB00A7FAB8 /* STSetupViewController.m in Sources */,
				C9B2A59318934FCF003A412E /* STTaskAuditMapViewController.m in Sources */,
				C9B2A5991893503E003A412E /* STTaskAuditBuildViewController.m in Sources */,
				C9B2A59018934EE9003A412E /* STDataMonitoringLineDetailListViewController.m in Sources */,
				C9B2A58A18934E54003A412E /* STDataMonitoringLineViewController.m in Sources */,
				C93C74CA18923EE500A7FAB8 /* STScanningViewController.m in Sources */,
				C93C7491189235E500A7FAB8 /* STAppDelegate.m in Sources */,
				C93C74D018923F3A00A7FAB8 /* STMyTransformerSubstationViewController.m in Sources */,
				C9B2A56F18934AC8003A412E /* MBProgressHUD.m in Sources */,
				C9B2A58718934D9C003A412E /* STTaskAuditViewController.m in Sources */,
				C93C74C418923EA900A7FAB8 /* STUserExperienceViewController.m in Sources */,
				C9B2A58318934C97003A412E /* STDataMonitoringViewController.m in Sources */,
				C93C74D318923F8400A7FAB8 /* STLoginViewController.m in Sources */,
				C9B2A57418934AC8003A412E /* EGORefreshTableHeaderView.m in Sources */,
				C93C74BD18923C2A00A7FAB8 /* STMyeViewController.m in Sources */,
			);
			runOnlyForDeploymentPostprocessing = 0;
		};
		C93C749A189235E500A7FAB8 /* Sources */ = {
			isa = PBXSourcesBuildPhase;
			buildActionMask = 2147483647;
			files = (
				C93C74AC189235E500A7FAB8 /* ElectricianRunTests.m in Sources */,
			);
			runOnlyForDeploymentPostprocessing = 0;
		};
/* End PBXSourcesBuildPhase section */

/* Begin PBXTargetDependency section */
		C93C74A4189235E500A7FAB8 /* PBXTargetDependency */ = {
			isa = PBXTargetDependency;
			target = C93C747C189235E400A7FAB8 /* ElectricianRun */;
			targetProxy = C93C74A3189235E500A7FAB8 /* PBXContainerItemProxy */;
		};
/* End PBXTargetDependency section */

/* Begin PBXVariantGroup section */
		C93C7489189235E400A7FAB8 /* InfoPlist.strings */ = {
			isa = PBXVariantGroup;
			children = (
				C93C748A189235E400A7FAB8 /* en */,
			);
			name = InfoPlist.strings;
			sourceTree = "<group>";
		};
		C93C7492189235E500A7FAB8 /* Main.storyboard */ = {
			isa = PBXVariantGroup;
			children = (
				C93C7493189235E500A7FAB8 /* Base */,
			);
			name = Main.storyboard;
			sourceTree = "<group>";
		};
		C93C74A8189235E500A7FAB8 /* InfoPlist.strings */ = {
			isa = PBXVariantGroup;
			children = (
				C93C74A9189235E500A7FAB8 /* en */,
			);
			name = InfoPlist.strings;
			sourceTree = "<group>";
		};
/* End PBXVariantGroup section */

/* Begin XCBuildConfiguration section */
		C93C74AD189235E500A7FAB8 /* Debug */ = {
			isa = XCBuildConfiguration;
			buildSettings = {
				ALWAYS_SEARCH_USER_PATHS = NO;
				ARCHS = "$(ARCHS_STANDARD_INCLUDING_64_BIT)";
				CLANG_CXX_LANGUAGE_STANDARD = "gnu++0x";
				CLANG_CXX_LIBRARY = "libc++";
				CLANG_ENABLE_MODULES = YES;
				CLANG_ENABLE_OBJC_ARC = YES;
				CLANG_WARN_BOOL_CONVERSION = YES;
				CLANG_WARN_CONSTANT_CONVERSION = YES;
				CLANG_WARN_DIRECT_OBJC_ISA_USAGE = YES_ERROR;
				CLANG_WARN_EMPTY_BODY = YES;
				CLANG_WARN_ENUM_CONVERSION = YES;
				CLANG_WARN_INT_CONVERSION = YES;
				CLANG_WARN_OBJC_ROOT_CLASS = YES_ERROR;
				CLANG_WARN__DUPLICATE_METHOD_MATCH = YES;
				"CODE_SIGN_IDENTITY[sdk=iphoneos*]" = "iPhone Developer";
				COPY_PHASE_STRIP = NO;
				GCC_C_LANGUAGE_STANDARD = gnu99;
				GCC_DYNAMIC_NO_PIC = NO;
				GCC_OPTIMIZATION_LEVEL = 0;
				GCC_PREPROCESSOR_DEFINITIONS = (
					"DEBUG=1",
					"$(inherited)",
				);
				GCC_SYMBOLS_PRIVATE_EXTERN = NO;
				GCC_WARN_64_TO_32_BIT_CONVERSION = YES;
				GCC_WARN_ABOUT_RETURN_TYPE = YES_ERROR;
				GCC_WARN_UNDECLARED_SELECTOR = YES;
				GCC_WARN_UNINITIALIZED_AUTOS = YES;
				GCC_WARN_UNUSED_FUNCTION = YES;
				GCC_WARN_UNUSED_VARIABLE = YES;
				IPHONEOS_DEPLOYMENT_TARGET = 7.0;
				ONLY_ACTIVE_ARCH = YES;
				SDKROOT = iphoneos;
			};
			name = Debug;
		};
		C93C74AE189235E500A7FAB8 /* Release */ = {
			isa = XCBuildConfiguration;
			buildSettings = {
				ALWAYS_SEARCH_USER_PATHS = NO;
				ARCHS = "$(ARCHS_STANDARD_INCLUDING_64_BIT)";
				CLANG_CXX_LANGUAGE_STANDARD = "gnu++0x";
				CLANG_CXX_LIBRARY = "libc++";
				CLANG_ENABLE_MODULES = YES;
				CLANG_ENABLE_OBJC_ARC = YES;
				CLANG_WARN_BOOL_CONVERSION = YES;
				CLANG_WARN_CONSTANT_CONVERSION = YES;
				CLANG_WARN_DIRECT_OBJC_ISA_USAGE = YES_ERROR;
				CLANG_WARN_EMPTY_BODY = YES;
				CLANG_WARN_ENUM_CONVERSION = YES;
				CLANG_WARN_INT_CONVERSION = YES;
				CLANG_WARN_OBJC_ROOT_CLASS = YES_ERROR;
				CLANG_WARN__DUPLICATE_METHOD_MATCH = YES;
				"CODE_SIGN_IDENTITY[sdk=iphoneos*]" = "iPhone Developer";
				COPY_PHASE_STRIP = YES;
				ENABLE_NS_ASSERTIONS = NO;
				GCC_C_LANGUAGE_STANDARD = gnu99;
				GCC_WARN_64_TO_32_BIT_CONVERSION = YES;
				GCC_WARN_ABOUT_RETURN_TYPE = YES_ERROR;
				GCC_WARN_UNDECLARED_SELECTOR = YES;
				GCC_WARN_UNINITIALIZED_AUTOS = YES;
				GCC_WARN_UNUSED_FUNCTION = YES;
				GCC_WARN_UNUSED_VARIABLE = YES;
				IPHONEOS_DEPLOYMENT_TARGET = 7.0;
				SDKROOT = iphoneos;
				VALIDATE_PRODUCT = YES;
			};
			name = Release;
		};
		C93C74B0189235E500A7FAB8 /* Debug */ = {
			isa = XCBuildConfiguration;
			buildSettings = {
				ASSETCATALOG_COMPILER_APPICON_NAME = AppIcon;
				ASSETCATALOG_COMPILER_LAUNCHIMAGE_NAME = LaunchImage;
				GCC_PRECOMPILE_PREFIX_HEADER = YES;
				GCC_PREFIX_HEADER = "ElectricianRun/ElectricianRun-Prefix.pch";
				INFOPLIST_FILE = "ElectricianRun/ElectricianRun-Info.plist";
				PRODUCT_NAME = "$(TARGET_NAME)";
				WRAPPER_EXTENSION = app;
			};
			name = Debug;
		};
		C93C74B1189235E500A7FAB8 /* Release */ = {
			isa = XCBuildConfiguration;
			buildSettings = {
				ASSETCATALOG_COMPILER_APPICON_NAME = AppIcon;
				ASSETCATALOG_COMPILER_LAUNCHIMAGE_NAME = LaunchImage;
				GCC_PRECOMPILE_PREFIX_HEADER = YES;
				GCC_PREFIX_HEADER = "ElectricianRun/ElectricianRun-Prefix.pch";
				INFOPLIST_FILE = "ElectricianRun/ElectricianRun-Info.plist";
				PRODUCT_NAME = "$(TARGET_NAME)";
				WRAPPER_EXTENSION = app;
			};
			name = Release;
		};
		C93C74B3189235E500A7FAB8 /* Debug */ = {
			isa = XCBuildConfiguration;
			buildSettings = {
				ARCHS = "$(ARCHS_STANDARD_INCLUDING_64_BIT)";
				BUNDLE_LOADER = "$(BUILT_PRODUCTS_DIR)/ElectricianRun.app/ElectricianRun";
				FRAMEWORK_SEARCH_PATHS = (
					"$(SDKROOT)/Developer/Library/Frameworks",
					"$(inherited)",
					"$(DEVELOPER_FRAMEWORKS_DIR)",
				);
				GCC_PRECOMPILE_PREFIX_HEADER = YES;
				GCC_PREFIX_HEADER = "ElectricianRun/ElectricianRun-Prefix.pch";
				GCC_PREPROCESSOR_DEFINITIONS = (
					"DEBUG=1",
					"$(inherited)",
				);
				INFOPLIST_FILE = "ElectricianRunTests/ElectricianRunTests-Info.plist";
				PRODUCT_NAME = "$(TARGET_NAME)";
				TEST_HOST = "$(BUNDLE_LOADER)";
				WRAPPER_EXTENSION = xctest;
			};
			name = Debug;
		};
		C93C74B4189235E500A7FAB8 /* Release */ = {
			isa = XCBuildConfiguration;
			buildSettings = {
				ARCHS = "$(ARCHS_STANDARD_INCLUDING_64_BIT)";
				BUNDLE_LOADER = "$(BUILT_PRODUCTS_DIR)/ElectricianRun.app/ElectricianRun";
				FRAMEWORK_SEARCH_PATHS = (
					"$(SDKROOT)/Developer/Library/Frameworks",
					"$(inherited)",
					"$(DEVELOPER_FRAMEWORKS_DIR)",
				);
				GCC_PRECOMPILE_PREFIX_HEADER = YES;
				GCC_PREFIX_HEADER = "ElectricianRun/ElectricianRun-Prefix.pch";
				INFOPLIST_FILE = "ElectricianRunTests/ElectricianRunTests-Info.plist";
				PRODUCT_NAME = "$(TARGET_NAME)";
				TEST_HOST = "$(BUNDLE_LOADER)";
				WRAPPER_EXTENSION = xctest;
			};
			name = Release;
		};
/* End XCBuildConfiguration section */

/* Begin XCConfigurationList section */
		C93C7478189235E400A7FAB8 /* Build configuration list for PBXProject "ElectricianRun" */ = {
			isa = XCConfigurationList;
			buildConfigurations = (
				C93C74AD189235E500A7FAB8 /* Debug */,
				C93C74AE189235E500A7FAB8 /* Release */,
			);
			defaultConfigurationIsVisible = 0;
			defaultConfigurationName = Release;
		};
		C93C74AF189235E500A7FAB8 /* Build configuration list for PBXNativeTarget "ElectricianRun" */ = {
			isa = XCConfigurationList;
			buildConfigurations = (
				C93C74B0189235E500A7FAB8 /* Debug */,
				C93C74B1189235E500A7FAB8 /* Release */,
			);
			defaultConfigurationIsVisible = 0;
			defaultConfigurationName = Release;
		};
		C93C74B2189235E500A7FAB8 /* Build configuration list for PBXNativeTarget "ElectricianRunTests" */ = {
			isa = XCConfigurationList;
			buildConfigurations = (
				C93C74B3189235E500A7FAB8 /* Debug */,
				C93C74B4189235E500A7FAB8 /* Release */,
			);
			defaultConfigurationIsVisible = 0;
			defaultConfigurationName = Release;
		};
/* End XCConfigurationList section */
	};
	rootObject = C93C7475189235E400A7FAB8 /* Project object */;
}
